
Microsoft Visual Studio Solution File, Format Version 12.00
# Visual Studio Version 17
VisualStudioVersion = 17.0.32112.339
MinimumVisualStudioVersion = 10.0.40219.1
Project("{FAE04EC0-301F-11D3-BF4B-00C04F79EFBC}") = "AIProject", "AIProject\AIProject.csproj", "{73C903C6-8534-46AA-A720-DD0E51E15A88}"
EndProject
Global
	GlobalSection(SolutionConfigurationPlatforms) = preSolution
		Debug|Any CPU = Debug|Any CPU
		Release|Any CPU = Release|Any CPU
	EndGlobalSection
	GlobalSection(ProjectConfigurationPlatforms) = postSolution
		{73C903C6-8534-46AA-A720-DD0E51E15A88}.Debug|Any CPU.ActiveCfg = Debug|Any CPU
		{73C903C6-8534-46AA-A720-DD0E51E15A88}.Debug|Any CPU.Build.0 = Debug|Any CPU
		{73C903C6-8534-46AA-A720-DD0E51E15A88}.Release|Any CPU.ActiveCfg = Release|Any CPU
		{73C903C6-8534-46AA-A720-DD0E51E15A88}.Release|Any CPU.Build.0 = Release|Any CPU
	EndGlobalSection
	GlobalSection(SolutionProperties) = preSolution
		HideSolutionNode = FALSE
	EndGlobalSection
	GlobalSection(ExtensibilityGlobals) = postSolution
		SolutionGuid = {BA58261E-8F9A-47CD-8FD7-34B760B6DCE3}
	EndGlobalSection
EndGlobal
